
Microsoft Visual Studio Solution File, Format Version 12.00
# Visual Studio Version 17
VisualStudioVersion = 17.9.34728.123
MinimumVisualStudioVersion = 10.0.40219.1
Project("{9A19103F-16F7-4668-BE54-9A1E7A4F7556}") = "RaremintShop.Tests", "..\RaremintShop.Tests\RaremintShop.Tests.csproj", "{5020694A-484B-462D-B942-2E8076012AE5}"
EndProject
Project("{2150E333-8FDC-42A3-9474-1A3956D46DE8}") = "src", "src", "{267661E7-BB20-4EE2-B199-C035BC08F395}"
EndProject
Project("{2150E333-8FDC-42A3-9474-1A3956D46DE8}") = "test", "test", "{136840D7-E762-481F-889B-D4D7490063DE}"
EndProject
Project("{9A19103F-16F7-4668-BE54-9A1E7A4F7556}") = "RaremintShop.WebHost", "..\RaremintShop.WebHost\RaremintShop.WebHost.csproj", "{FA5B3174-2337-4421-A01D-24B578E96521}"
EndProject
Project("{9A19103F-16F7-4668-BE54-9A1E7A4F7556}") = "RaremintShop.Infrastructure", "..\RaremintShop.Infrastructure\RaremintShop.Infrastructure.csproj", "{2D0F86E3-764E-45DB-9443-C94525CA07C6}"
EndProject
Project("{2150E333-8FDC-42A3-9474-1A3956D46DE8}") = "Modules", "Modules", "{D0E48187-5B40-4E0F-AC0E-A8531DF97D36}"
EndProject
Project("{9A19103F-16F7-4668-BE54-9A1E7A4F7556}") = "RaremintShop.Module.Core", "..\RaremintShop.Module.Core\RaremintShop.Module.Core.csproj", "{8EC77FE7-9C7A-486F-9D87-E63E9134CA14}"
EndProject
Project("{9A19103F-16F7-4668-BE54-9A1E7A4F7556}") = "RaremintShop.Module.Orders", "..\RaremintShop.Module.Orders\RaremintShop.Module.Orders.csproj", "{5D1D76AF-D82B-4C93-BFFC-FA996697C102}"
EndProject
Project("{9A19103F-16F7-4668-BE54-9A1E7A4F7556}") = "RaremintShop.Module.Catalog", "..\RaremintShop.Module.Catalog\RaremintShop.Module.Catalog.csproj", "{0BE1522F-222F-4524-ACF8-90E4D8B44ED3}"
EndProject
Project("{9A19103F-16F7-4668-BE54-9A1E7A4F7556}") = "Shared", "Shared\Shared.csproj", "{1706BED4-B02D-42CE-8395-F5FEA32D3204}"
EndProject
Project("{FAE04EC0-301F-11D3-BF4B-00C04F79EFBC}") = "RaremintShop.Module.Identity", "RaremintShop.Module.Identity\RaremintShop.Module.Identity.csproj", "{A70E96DA-731D-4A98-80D4-483E879B74F8}"
EndProject
Global
	GlobalSection(SolutionConfigurationPlatforms) = preSolution
		Debug|Any CPU = Debug|Any CPU
		Release|Any CPU = Release|Any CPU
	EndGlobalSection
	GlobalSection(ProjectConfigurationPlatforms) = postSolution
		{5020694A-484B-462D-B942-2E8076012AE5}.Debug|Any CPU.ActiveCfg = Debug|Any CPU
		{5020694A-484B-462D-B942-2E8076012AE5}.Debug|Any CPU.Build.0 = Debug|Any CPU
		{5020694A-484B-462D-B942-2E8076012AE5}.Release|Any CPU.ActiveCfg = Release|Any CPU
		{5020694A-484B-462D-B942-2E8076012AE5}.Release|Any CPU.Build.0 = Release|Any CPU
		{FA5B3174-2337-4421-A01D-24B578E96521}.Debug|Any CPU.ActiveCfg = Debug|Any CPU
		{FA5B3174-2337-4421-A01D-24B578E96521}.Debug|Any CPU.Build.0 = Debug|Any CPU
		{FA5B3174-2337-4421-A01D-24B578E96521}.Release|Any CPU.ActiveCfg = Release|Any CPU
		{FA5B3174-2337-4421-A01D-24B578E96521}.Release|Any CPU.Build.0 = Release|Any CPU
		{2D0F86E3-764E-45DB-9443-C94525CA07C6}.Debug|Any CPU.ActiveCfg = Debug|Any CPU
		{2D0F86E3-764E-45DB-9443-C94525CA07C6}.Debug|Any CPU.Build.0 = Debug|Any CPU
		{2D0F86E3-764E-45DB-9443-C94525CA07C6}.Release|Any CPU.ActiveCfg = Release|Any CPU
		{2D0F86E3-764E-45DB-9443-C94525CA07C6}.Release|Any CPU.Build.0 = Release|Any CPU
		{8EC77FE7-9C7A-486F-9D87-E63E9134CA14}.Debug|Any CPU.ActiveCfg = Debug|Any CPU
		{8EC77FE7-9C7A-486F-9D87-E63E9134CA14}.Debug|Any CPU.Build.0 = Debug|Any CPU
		{8EC77FE7-9C7A-486F-9D87-E63E9134CA14}.Release|Any CPU.ActiveCfg = Release|Any CPU
		{8EC77FE7-9C7A-486F-9D87-E63E9134CA14}.Release|Any CPU.Build.0 = Release|Any CPU
		{5D1D76AF-D82B-4C93-BFFC-FA996697C102}.Debug|Any CPU.ActiveCfg = Debug|Any CPU
		{5D1D76AF-D82B-4C93-BFFC-FA996697C102}.Debug|Any CPU.Build.0 = Debug|Any CPU
		{5D1D76AF-D82B-4C93-BFFC-FA996697C102}.Release|Any CPU.ActiveCfg = Release|Any CPU
		{5D1D76AF-D82B-4C93-BFFC-FA996697C102}.Release|Any CPU.Build.0 = Release|Any CPU
		{0BE1522F-222F-4524-ACF8-90E4D8B44ED3}.Debug|Any CPU.ActiveCfg = Debug|Any CPU
		{0BE1522F-222F-4524-ACF8-90E4D8B44ED3}.Debug|Any CPU.Build.0 = Debug|Any CPU
		{0BE1522F-222F-4524-ACF8-90E4D8B44ED3}.Release|Any CPU.ActiveCfg = Release|Any CPU
		{0BE1522F-222F-4524-ACF8-90E4D8B44ED3}.Release|Any CPU.Build.0 = Release|Any CPU
		{1706BED4-B02D-42CE-8395-F5FEA32D3204}.Debug|Any CPU.ActiveCfg = Debug|Any CPU
		{1706BED4-B02D-42CE-8395-F5FEA32D3204}.Debug|Any CPU.Build.0 = Debug|Any CPU
		{1706BED4-B02D-42CE-8395-F5FEA32D3204}.Release|Any CPU.ActiveCfg = Release|Any CPU
		{1706BED4-B02D-42CE-8395-F5FEA32D3204}.Release|Any CPU.Build.0 = Release|Any CPU
		{A70E96DA-731D-4A98-80D4-483E879B74F8}.Debug|Any CPU.ActiveCfg = Debug|Any CPU
		{A70E96DA-731D-4A98-80D4-483E879B74F8}.Debug|Any CPU.Build.0 = Debug|Any CPU
		{A70E96DA-731D-4A98-80D4-483E879B74F8}.Release|Any CPU.ActiveCfg = Release|Any CPU
		{A70E96DA-731D-4A98-80D4-483E879B74F8}.Release|Any CPU.Build.0 = Release|Any CPU
	EndGlobalSection
	GlobalSection(SolutionProperties) = preSolution
		HideSolutionNode = FALSE
	EndGlobalSection
	GlobalSection(NestedProjects) = preSolution
		{FA5B3174-2337-4421-A01D-24B578E96521} = {267661E7-BB20-4EE2-B199-C035BC08F395}
		{2D0F86E3-764E-45DB-9443-C94525CA07C6} = {267661E7-BB20-4EE2-B199-C035BC08F395}
		{D0E48187-5B40-4E0F-AC0E-A8531DF97D36} = {267661E7-BB20-4EE2-B199-C035BC08F395}
		{8EC77FE7-9C7A-486F-9D87-E63E9134CA14} = {D0E48187-5B40-4E0F-AC0E-A8531DF97D36}
		{5D1D76AF-D82B-4C93-BFFC-FA996697C102} = {D0E48187-5B40-4E0F-AC0E-A8531DF97D36}
		{0BE1522F-222F-4524-ACF8-90E4D8B44ED3} = {D0E48187-5B40-4E0F-AC0E-A8531DF97D36}
		{1706BED4-B02D-42CE-8395-F5FEA32D3204} = {267661E7-BB20-4EE2-B199-C035BC08F395}
		{A70E96DA-731D-4A98-80D4-483E879B74F8} = {D0E48187-5B40-4E0F-AC0E-A8531DF97D36}
	EndGlobalSection
	GlobalSection(ExtensibilityGlobals) = postSolution
		SolutionGuid = {31CECE2D-5ADE-4205-BD03-CA75058DDE33}
	EndGlobalSection
EndGlobal
